// !$*UTF8*$!
{
	archiveVersion = 1;
	classes = {
	};
	objectVersion = 51;
	objects = {

/* Begin PBXBuildFile section */
		420672AD26975F63002306DB /* AppDelegate.swift in Sources */ = {isa = PBXBuildFile; fileRef = 420672AC26975F63002306DB /* AppDelegate.swift */; };
		420672B626975F65002306DB /* Assets.xcassets in Resources */ = {isa = PBXBuildFile; fileRef = 420672B526975F65002306DB /* Assets.xcassets */; };
		420672B926975F65002306DB /* LaunchScreen.storyboard in Resources */ = {isa = PBXBuildFile; fileRef = 420672B726975F65002306DB /* LaunchScreen.storyboard */; };
		42262D8C26B017EB00E938B5 /* AuthInfo.swift in Sources */ = {isa = PBXBuildFile; fileRef = 42262D8B26B017EB00E938B5 /* AuthInfo.swift */; };
		42262D8E26B018B000E938B5 /* ShowsResponse.swift in Sources */ = {isa = PBXBuildFile; fileRef = 42262D8D26B018B000E938B5 /* ShowsResponse.swift */; };
		4239429F26A70A0500B8141D /* Launch Screen.storyboard in Resources */ = {isa = PBXBuildFile; fileRef = 4239429E26A70A0500B8141D /* Launch Screen.storyboard */; };
		423BF7EE26B371AD00F3F494 /* UIScrollView+KeyboardHandling.swift in Sources */ = {isa = PBXBuildFile; fileRef = 423BF7ED26B371AD00F3F494 /* UIScrollView+KeyboardHandling.swift */; };
		42424AFD26A97CF6003E96FC /* Home.storyboard in Resources */ = {isa = PBXBuildFile; fileRef = 42424AFC26A97CF6003E96FC /* Home.storyboard */; };
		42424AFF26A97D08003E96FC /* HomeViewController.swift in Sources */ = {isa = PBXBuildFile; fileRef = 42424AFE26A97D08003E96FC /* HomeViewController.swift */; };
		42424B0126AA2223003E96FC /* User.swift in Sources */ = {isa = PBXBuildFile; fileRef = 42424B0026AA2223003E96FC /* User.swift */; };
		42424B0B26AF57DA003E96FC /* String+Verifications.swift in Sources */ = {isa = PBXBuildFile; fileRef = 42424B0A26AF57DA003E96FC /* String+Verifications.swift */; };
		42424B0D26AF5804003E96FC /* UIColor+AppColors.swift in Sources */ = {isa = PBXBuildFile; fileRef = 42424B0C26AF5804003E96FC /* UIColor+AppColors.swift */; };
		42424B0F26AF5840003E96FC /* UIViewController+KeyboardHandling.swift in Sources */ = {isa = PBXBuildFile; fileRef = 42424B0E26AF5840003E96FC /* UIViewController+KeyboardHandling.swift */; };
		4259E94926B1E5FD007EEC06 /* RatingView.swift in Sources */ = {isa = PBXBuildFile; fileRef = 4259E94826B1E5FD007EEC06 /* RatingView.swift */; };
		4259E94C26B1E767007EEC06 /* ShowDetails.storyboard in Resources */ = {isa = PBXBuildFile; fileRef = 4259E94B26B1E767007EEC06 /* ShowDetails.storyboard */; };
		4259E94E26B1E7A0007EEC06 /* ShowDetailsViewController.swift in Sources */ = {isa = PBXBuildFile; fileRef = 4259E94D26B1E7A0007EEC06 /* ShowDetailsViewController.swift */; };
		4259E95026B1F8CF007EEC06 /* ShowDetailFirstTableViewCell.swift in Sources */ = {isa = PBXBuildFile; fileRef = 4259E94F26B1F8CF007EEC06 /* ShowDetailFirstTableViewCell.swift */; };
		4259E95426B20690007EEC06 /* ShowDetailOthersTableViewCell.swift in Sources */ = {isa = PBXBuildFile; fileRef = 4259E95326B20690007EEC06 /* ShowDetailOthersTableViewCell.swift */; };
		4259E95626B21456007EEC06 /* ReviewsResponse.swift in Sources */ = {isa = PBXBuildFile; fileRef = 4259E95526B21456007EEC06 /* ReviewsResponse.swift */; };
		4259E95826B231B4007EEC06 /* UIView+Modifications.swift in Sources */ = {isa = PBXBuildFile; fileRef = 4259E95726B231B4007EEC06 /* UIView+Modifications.swift */; };
		4259E95B26B23319007EEC06 /* WriteReview.storyboard in Resources */ = {isa = PBXBuildFile; fileRef = 4259E95A26B23319007EEC06 /* WriteReview.storyboard */; };
		4259E95D26B23412007EEC06 /* WriteReviewViewController.swift in Sources */ = {isa = PBXBuildFile; fileRef = 4259E95C26B23412007EEC06 /* WriteReviewViewController.swift */; };
		4259E96026B2431E007EEC06 /* UITextView+Modifications.swift in Sources */ = {isa = PBXBuildFile; fileRef = 4259E95F26B2431E007EEC06 /* UITextView+Modifications.swift */; };
		4259E96226B247BF007EEC06 /* UIButton+Modifications.swift in Sources */ = {isa = PBXBuildFile; fileRef = 4259E96126B247BF007EEC06 /* UIButton+Modifications.swift */; };
		4259E96426B2635B007EEC06 /* WriteReviewResponse.swift in Sources */ = {isa = PBXBuildFile; fileRef = 4259E96326B2635B007EEC06 /* WriteReviewResponse.swift */; };
		427C5F70269C6DCB000BC489 /* Login.storyboard in Resources */ = {isa = PBXBuildFile; fileRef = 427C5F6F269C6DCB000BC489 /* Login.storyboard */; };
		427C5F72269C6DE9000BC489 /* LoginViewController.swift in Sources */ = {isa = PBXBuildFile; fileRef = 427C5F71269C6DE9000BC489 /* LoginViewController.swift */; };
		4285B89F26B6029900A72C6D /* UserRouter.swift in Sources */ = {isa = PBXBuildFile; fileRef = 4285B89E26B6029900A72C6D /* UserRouter.swift */; };
		4285B8A126B6039000A72C6D /* Constants.swift in Sources */ = {isa = PBXBuildFile; fileRef = 4285B8A026B6039000A72C6D /* Constants.swift */; };
		4285B8A426B6073900A72C6D /* Router.swift in Sources */ = {isa = PBXBuildFile; fileRef = 4285B8A326B6073900A72C6D /* Router.swift */; };
		4285B8A626B6090600A72C6D /* Routable.swift in Sources */ = {isa = PBXBuildFile; fileRef = 4285B8A526B6090600A72C6D /* Routable.swift */; };
		4285B8A826B60E4200A72C6D /* APIManager.swift in Sources */ = {isa = PBXBuildFile; fileRef = 4285B8A726B60E4200A72C6D /* APIManager.swift */; };
		4285B8AA26B60F9300A72C6D /* AuthInterceptor.swift in Sources */ = {isa = PBXBuildFile; fileRef = 4285B8A926B60F9300A72C6D /* AuthInterceptor.swift */; };
		4285B8AC26B6102200A72C6D /* AuthStorage.swift in Sources */ = {isa = PBXBuildFile; fileRef = 4285B8AB26B6102200A72C6D /* AuthStorage.swift */; };
		4285B8AE26B614CE00A72C6D /* UserDefaultsManager.swift in Sources */ = {isa = PBXBuildFile; fileRef = 4285B8AD26B614CE00A72C6D /* UserDefaultsManager.swift */; };
		4285B8B026B63EF500A72C6D /* ShowRouter.swift in Sources */ = {isa = PBXBuildFile; fileRef = 4285B8AF26B63EF500A72C6D /* ShowRouter.swift */; };
		42A9829326BA01D90015FE8D /* ReviewsRouter.swift in Sources */ = {isa = PBXBuildFile; fileRef = 42A9829226BA01D90015FE8D /* ReviewsRouter.swift */; };
		42EC3C1626B0FD440053BE57 /* TVShowTableViewCell.swift in Sources */ = {isa = PBXBuildFile; fileRef = 42EC3C1526B0FD440053BE57 /* TVShowTableViewCell.swift */; };
		B116EEA007E847624584A62B /* Pods_TV_Shows.framework in Frameworks */ = {isa = PBXBuildFile; fileRef = 33BFA9C0E4879027F658BAD9 /* Pods_TV_Shows.framework */; };
/* End PBXBuildFile section */

/* Begin PBXFileReference section */
		04BCEE01DB6F00BB50EEC988 /* Pods-TV Shows.release.xcconfig */ = {isa = PBXFileReference; includeInIndex = 1; lastKnownFileType = text.xcconfig; name = "Pods-TV Shows.release.xcconfig"; path = "Target Support Files/Pods-TV Shows/Pods-TV Shows.release.xcconfig"; sourceTree = "<group>"; };
		33BFA9C0E4879027F658BAD9 /* Pods_TV_Shows.framework */ = {isa = PBXFileReference; explicitFileType = wrapper.framework; includeInIndex = 0; path = Pods_TV_Shows.framework; sourceTree = BUILT_PRODUCTS_DIR; };
		420672A926975F63002306DB /* TV Shows.app */ = {isa = PBXFileReference; explicitFileType = wrapper.application; includeInIndex = 0; path = "TV Shows.app"; sourceTree = BUILT_PRODUCTS_DIR; };
		420672AC26975F63002306DB /* AppDelegate.swift */ = {isa = PBXFileReference; lastKnownFileType = sourcecode.swift; path = AppDelegate.swift; sourceTree = "<group>"; };
		420672B526975F65002306DB /* Assets.xcassets */ = {isa = PBXFileReference; lastKnownFileType = folder.assetcatalog; path = Assets.xcassets; sourceTree = "<group>"; };
		420672B826975F65002306DB /* Base */ = {isa = PBXFileReference; lastKnownFileType = file.storyboard; name = Base; path = Base.lproj/LaunchScreen.storyboard; sourceTree = "<group>"; };
		420672BA26975F65002306DB /* Info.plist */ = {isa = PBXFileReference; lastKnownFileType = text.plist.xml; path = Info.plist; sourceTree = "<group>"; };
		42262D8B26B017EB00E938B5 /* AuthInfo.swift */ = {isa = PBXFileReference; lastKnownFileType = sourcecode.swift; path = AuthInfo.swift; sourceTree = "<group>"; };
		42262D8D26B018B000E938B5 /* ShowsResponse.swift */ = {isa = PBXFileReference; lastKnownFileType = sourcecode.swift; path = ShowsResponse.swift; sourceTree = "<group>"; };
		4239429E26A70A0500B8141D /* Launch Screen.storyboard */ = {isa = PBXFileReference; lastKnownFileType = file.storyboard; path = "Launch Screen.storyboard"; sourceTree = "<group>"; };
		423BF7ED26B371AD00F3F494 /* UIScrollView+KeyboardHandling.swift */ = {isa = PBXFileReference; lastKnownFileType = sourcecode.swift; path = "UIScrollView+KeyboardHandling.swift"; sourceTree = "<group>"; };
		42424AFC26A97CF6003E96FC /* Home.storyboard */ = {isa = PBXFileReference; lastKnownFileType = file.storyboard; path = Home.storyboard; sourceTree = "<group>"; };
		42424AFE26A97D08003E96FC /* HomeViewController.swift */ = {isa = PBXFileReference; lastKnownFileType = sourcecode.swift; path = HomeViewController.swift; sourceTree = "<group>"; };
		42424B0026AA2223003E96FC /* User.swift */ = {isa = PBXFileReference; lastKnownFileType = sourcecode.swift; path = User.swift; sourceTree = "<group>"; };
		42424B0A26AF57DA003E96FC /* String+Verifications.swift */ = {isa = PBXFileReference; lastKnownFileType = sourcecode.swift; path = "String+Verifications.swift"; sourceTree = "<group>"; };
		42424B0C26AF5804003E96FC /* UIColor+AppColors.swift */ = {isa = PBXFileReference; lastKnownFileType = sourcecode.swift; path = "UIColor+AppColors.swift"; sourceTree = "<group>"; };
		42424B0E26AF5840003E96FC /* UIViewController+KeyboardHandling.swift */ = {isa = PBXFileReference; lastKnownFileType = sourcecode.swift; path = "UIViewController+KeyboardHandling.swift"; sourceTree = "<group>"; };
		4259E94826B1E5FD007EEC06 /* RatingView.swift */ = {isa = PBXFileReference; fileEncoding = 4; lastKnownFileType = sourcecode.swift; path = RatingView.swift; sourceTree = "<group>"; };
		4259E94B26B1E767007EEC06 /* ShowDetails.storyboard */ = {isa = PBXFileReference; lastKnownFileType = file.storyboard; path = ShowDetails.storyboard; sourceTree = "<group>"; };
		4259E94D26B1E7A0007EEC06 /* ShowDetailsViewController.swift */ = {isa = PBXFileReference; lastKnownFileType = sourcecode.swift; path = ShowDetailsViewController.swift; sourceTree = "<group>"; };
		4259E94F26B1F8CF007EEC06 /* ShowDetailFirstTableViewCell.swift */ = {isa = PBXFileReference; lastKnownFileType = sourcecode.swift; path = ShowDetailFirstTableViewCell.swift; sourceTree = "<group>"; };
		4259E95326B20690007EEC06 /* ShowDetailOthersTableViewCell.swift */ = {isa = PBXFileReference; lastKnownFileType = sourcecode.swift; path = ShowDetailOthersTableViewCell.swift; sourceTree = "<group>"; };
		4259E95526B21456007EEC06 /* ReviewsResponse.swift */ = {isa = PBXFileReference; lastKnownFileType = sourcecode.swift; path = ReviewsResponse.swift; sourceTree = "<group>"; };
		4259E95726B231B4007EEC06 /* UIView+Modifications.swift */ = {isa = PBXFileReference; lastKnownFileType = sourcecode.swift; path = "UIView+Modifications.swift"; sourceTree = "<group>"; };
		4259E95A26B23319007EEC06 /* WriteReview.storyboard */ = {isa = PBXFileReference; lastKnownFileType = file.storyboard; path = WriteReview.storyboard; sourceTree = "<group>"; };
		4259E95C26B23412007EEC06 /* WriteReviewViewController.swift */ = {isa = PBXFileReference; lastKnownFileType = sourcecode.swift; path = WriteReviewViewController.swift; sourceTree = "<group>"; };
		4259E95F26B2431E007EEC06 /* UITextView+Modifications.swift */ = {isa = PBXFileReference; lastKnownFileType = sourcecode.swift; path = "UITextView+Modifications.swift"; sourceTree = "<group>"; };
		4259E96126B247BF007EEC06 /* UIButton+Modifications.swift */ = {isa = PBXFileReference; lastKnownFileType = sourcecode.swift; path = "UIButton+Modifications.swift"; sourceTree = "<group>"; };
		4259E96326B2635B007EEC06 /* WriteReviewResponse.swift */ = {isa = PBXFileReference; lastKnownFileType = sourcecode.swift; path = WriteReviewResponse.swift; sourceTree = "<group>"; };
		427C5F6F269C6DCB000BC489 /* Login.storyboard */ = {isa = PBXFileReference; lastKnownFileType = file.storyboard; path = Login.storyboard; sourceTree = "<group>"; };
		427C5F71269C6DE9000BC489 /* LoginViewController.swift */ = {isa = PBXFileReference; lastKnownFileType = sourcecode.swift; path = LoginViewController.swift; sourceTree = "<group>"; };
		4285B89E26B6029900A72C6D /* UserRouter.swift */ = {isa = PBXFileReference; lastKnownFileType = sourcecode.swift; path = UserRouter.swift; sourceTree = "<group>"; };
		4285B8A026B6039000A72C6D /* Constants.swift */ = {isa = PBXFileReference; lastKnownFileType = sourcecode.swift; path = Constants.swift; sourceTree = "<group>"; };
		4285B8A326B6073900A72C6D /* Router.swift */ = {isa = PBXFileReference; lastKnownFileType = sourcecode.swift; path = Router.swift; sourceTree = "<group>"; };
		4285B8A526B6090600A72C6D /* Routable.swift */ = {isa = PBXFileReference; lastKnownFileType = sourcecode.swift; path = Routable.swift; sourceTree = "<group>"; };
		4285B8A726B60E4200A72C6D /* APIManager.swift */ = {isa = PBXFileReference; lastKnownFileType = sourcecode.swift; path = APIManager.swift; sourceTree = "<group>"; };
		4285B8A926B60F9300A72C6D /* AuthInterceptor.swift */ = {isa = PBXFileReference; lastKnownFileType = sourcecode.swift; path = AuthInterceptor.swift; sourceTree = "<group>"; };
		4285B8AB26B6102200A72C6D /* AuthStorage.swift */ = {isa = PBXFileReference; lastKnownFileType = sourcecode.swift; path = AuthStorage.swift; sourceTree = "<group>"; };
		4285B8AD26B614CE00A72C6D /* UserDefaultsManager.swift */ = {isa = PBXFileReference; lastKnownFileType = sourcecode.swift; path = UserDefaultsManager.swift; sourceTree = "<group>"; };
		4285B8AF26B63EF500A72C6D /* ShowRouter.swift */ = {isa = PBXFileReference; lastKnownFileType = sourcecode.swift; path = ShowRouter.swift; sourceTree = "<group>"; };
		42A9829226BA01D90015FE8D /* ReviewsRouter.swift */ = {isa = PBXFileReference; lastKnownFileType = sourcecode.swift; path = ReviewsRouter.swift; sourceTree = "<group>"; };
		42EC3C1526B0FD440053BE57 /* TVShowTableViewCell.swift */ = {isa = PBXFileReference; lastKnownFileType = sourcecode.swift; path = TVShowTableViewCell.swift; sourceTree = "<group>"; };
		DBAF33CE8F73495F6D1C1E84 /* Pods-TV Shows.debug.xcconfig */ = {isa = PBXFileReference; includeInIndex = 1; lastKnownFileType = text.xcconfig; name = "Pods-TV Shows.debug.xcconfig"; path = "Target Support Files/Pods-TV Shows/Pods-TV Shows.debug.xcconfig"; sourceTree = "<group>"; };
/* End PBXFileReference section */

/* Begin PBXFrameworksBuildPhase section */
		420672A626975F63002306DB /* Frameworks */ = {
			isa = PBXFrameworksBuildPhase;
			buildActionMask = 2147483647;
			files = (
				B116EEA007E847624584A62B /* Pods_TV_Shows.framework in Frameworks */,
			);
			runOnlyForDeploymentPostprocessing = 0;
		};
/* End PBXFrameworksBuildPhase section */

/* Begin PBXGroup section */
		420672A026975F63002306DB = {
			isa = PBXGroup;
			children = (
				420672AB26975F63002306DB /* TV Shows */,
				420672AA26975F63002306DB /* Products */,
				731F0EA16A776B73B909B5F8 /* Pods */,
				84212796CB75CA0B0741D24F /* Frameworks */,
			);
			sourceTree = "<group>";
		};
		420672AA26975F63002306DB /* Products */ = {
			isa = PBXGroup;
			children = (
				420672A926975F63002306DB /* TV Shows.app */,
			);
			name = Products;
			sourceTree = "<group>";
		};
		420672AB26975F63002306DB /* TV Shows */ = {
			isa = PBXGroup;
			children = (
				4285B89D26B601DF00A72C6D /* Networking */,
				4259E95E26B23839007EEC06 /* Screens */,
				4259E94826B1E5FD007EEC06 /* RatingView.swift */,
				42424B0926AF575B003E96FC /* Extensions */,
				420672AC26975F63002306DB /* AppDelegate.swift */,
				420672B526975F65002306DB /* Assets.xcassets */,
				420672B726975F65002306DB /* LaunchScreen.storyboard */,
				420672BA26975F65002306DB /* Info.plist */,
				4285B8A026B6039000A72C6D /* Constants.swift */,
				4285B8AD26B614CE00A72C6D /* UserDefaultsManager.swift */,
			);
			path = "TV Shows";
			sourceTree = "<group>";
		};
		42262D8A26B017C000E938B5 /* Models */ = {
			isa = PBXGroup;
			children = (
				42424B0026AA2223003E96FC /* User.swift */,
				42262D8B26B017EB00E938B5 /* AuthInfo.swift */,
				42262D8D26B018B000E938B5 /* ShowsResponse.swift */,
				4259E95526B21456007EEC06 /* ReviewsResponse.swift */,
				4259E96326B2635B007EEC06 /* WriteReviewResponse.swift */,
			);
			path = Models;
			sourceTree = "<group>";
		};
		4239429D26A709BD00B8141D /* Splashscreen */ = {
			isa = PBXGroup;
			children = (
				4239429E26A70A0500B8141D /* Launch Screen.storyboard */,
			);
			path = Splashscreen;
			sourceTree = "<group>";
		};
		42424AFB26A97CD1003E96FC /* Home */ = {
			isa = PBXGroup;
			children = (
				42424AFC26A97CF6003E96FC /* Home.storyboard */,
				42424AFE26A97D08003E96FC /* HomeViewController.swift */,
			);
			path = Home;
			sourceTree = "<group>";
		};
		42424B0926AF575B003E96FC /* Extensions */ = {
			isa = PBXGroup;
			children = (
				42424B0A26AF57DA003E96FC /* String+Verifications.swift */,
				42424B0C26AF5804003E96FC /* UIColor+AppColors.swift */,
				42424B0E26AF5840003E96FC /* UIViewController+KeyboardHandling.swift */,
				4259E95726B231B4007EEC06 /* UIView+Modifications.swift */,
				4259E95F26B2431E007EEC06 /* UITextView+Modifications.swift */,
				4259E96126B247BF007EEC06 /* UIButton+Modifications.swift */,
				423BF7ED26B371AD00F3F494 /* UIScrollView+KeyboardHandling.swift */,
			);
			path = Extensions;
			sourceTree = "<group>";
		};
		4259E94A26B1E73B007EEC06 /* ShowDetails */ = {
			isa = PBXGroup;
			children = (
				4259E94B26B1E767007EEC06 /* ShowDetails.storyboard */,
				4259E94D26B1E7A0007EEC06 /* ShowDetailsViewController.swift */,
			);
			path = ShowDetails;
			sourceTree = "<group>";
		};
		4259E95926B232DB007EEC06 /* WriteReview */ = {
			isa = PBXGroup;
			children = (
				4259E95A26B23319007EEC06 /* WriteReview.storyboard */,
				4259E95C26B23412007EEC06 /* WriteReviewViewController.swift */,
			);
			path = WriteReview;
			sourceTree = "<group>";
		};
		4259E95E26B23839007EEC06 /* Screens */ = {
			isa = PBXGroup;
			children = (
				4239429D26A709BD00B8141D /* Splashscreen */,
				427C5F6E269C6D95000BC489 /* Login */,
				42424AFB26A97CD1003E96FC /* Home */,
				4259E94A26B1E73B007EEC06 /* ShowDetails */,
				4259E95926B232DB007EEC06 /* WriteReview */,
				42EC3C1426B0FCFC0053BE57 /* TableViewCells */,
			);
			path = Screens;
			sourceTree = "<group>";
		};
		427C5F6E269C6D95000BC489 /* Login */ = {
			isa = PBXGroup;
			children = (
				427C5F6F269C6DCB000BC489 /* Login.storyboard */,
				427C5F71269C6DE9000BC489 /* LoginViewController.swift */,
			);
			path = Login;
			sourceTree = "<group>";
		};
		4285B89D26B601DF00A72C6D /* Networking */ = {
			isa = PBXGroup;
			children = (
				4285B8A226B6072700A72C6D /* Routers */,
				42262D8A26B017C000E938B5 /* Models */,
				4285B8A726B60E4200A72C6D /* APIManager.swift */,
				4285B8A926B60F9300A72C6D /* AuthInterceptor.swift */,
				4285B8AB26B6102200A72C6D /* AuthStorage.swift */,
			);
			path = Networking;
			sourceTree = "<group>";
		};
		4285B8A226B6072700A72C6D /* Routers */ = {
			isa = PBXGroup;
			children = (
				42A9829426BA07C50015FE8D /* Base */,
				4285B89E26B6029900A72C6D /* UserRouter.swift */,
				4285B8AF26B63EF500A72C6D /* ShowRouter.swift */,
				42A9829226BA01D90015FE8D /* ReviewsRouter.swift */,
			);
			path = Routers;
			sourceTree = "<group>";
		};
		42A9829426BA07C50015FE8D /* Base */ = {
			isa = PBXGroup;
			children = (
				4285B8A326B6073900A72C6D /* Router.swift */,
				4285B8A526B6090600A72C6D /* Routable.swift */,
			);
			path = Base;
			sourceTree = "<group>";
		};
		42EC3C1426B0FCFC0053BE57 /* TableViewCells */ = {
			isa = PBXGroup;
			children = (
				42EC3C1526B0FD440053BE57 /* TVShowTableViewCell.swift */,
				4259E94F26B1F8CF007EEC06 /* ShowDetailFirstTableViewCell.swift */,
				4259E95326B20690007EEC06 /* ShowDetailOthersTableViewCell.swift */,
			);
			path = TableViewCells;
			sourceTree = "<group>";
		};
		731F0EA16A776B73B909B5F8 /* Pods */ = {
			isa = PBXGroup;
			children = (
				DBAF33CE8F73495F6D1C1E84 /* Pods-TV Shows.debug.xcconfig */,
				04BCEE01DB6F00BB50EEC988 /* Pods-TV Shows.release.xcconfig */,
			);
			path = Pods;
			sourceTree = "<group>";
		};
		84212796CB75CA0B0741D24F /* Frameworks */ = {
			isa = PBXGroup;
			children = (
				33BFA9C0E4879027F658BAD9 /* Pods_TV_Shows.framework */,
			);
			name = Frameworks;
			sourceTree = "<group>";
		};
/* End PBXGroup section */

/* Begin PBXNativeTarget section */
		420672A826975F63002306DB /* TV Shows */ = {
			isa = PBXNativeTarget;
			buildConfigurationList = 420672BD26975F65002306DB /* Build configuration list for PBXNativeTarget "TV Shows" */;
			buildPhases = (
				7864E8986EC6BF728825FE6A /* [CP] Check Pods Manifest.lock */,
				420672A526975F63002306DB /* Sources */,
				420672A626975F63002306DB /* Frameworks */,
				420672A726975F63002306DB /* Resources */,
				90166458A53B29B0F55C8FC7 /* [CP] Embed Pods Frameworks */,
			);
			buildRules = (
			);
			dependencies = (
			);
			name = "TV Shows";
			productName = "TV Shows";
			productReference = 420672A926975F63002306DB /* TV Shows.app */;
			productType = "com.apple.product-type.application";
		};
/* End PBXNativeTarget section */

/* Begin PBXProject section */
		420672A126975F63002306DB /* Project object */ = {
			isa = PBXProject;
			attributes = {
				LastSwiftUpdateCheck = 1250;
				LastUpgradeCheck = 1250;
				TargetAttributes = {
					420672A826975F63002306DB = {
						CreatedOnToolsVersion = 12.5.1;
					};
				};
			};
			buildConfigurationList = 420672A426975F63002306DB /* Build configuration list for PBXProject "TV Shows" */;
			compatibilityVersion = "Xcode 9.3";
			developmentRegion = en;
			hasScannedForEncodings = 0;
			knownRegions = (
				en,
				Base,
			);
			mainGroup = 420672A026975F63002306DB;
			productRefGroup = 420672AA26975F63002306DB /* Products */;
			projectDirPath = "";
			projectRoot = "";
			targets = (
				420672A826975F63002306DB /* TV Shows */,
			);
		};
/* End PBXProject section */

/* Begin PBXResourcesBuildPhase section */
		420672A726975F63002306DB /* Resources */ = {
			isa = PBXResourcesBuildPhase;
			buildActionMask = 2147483647;
			files = (
				4259E94C26B1E767007EEC06 /* ShowDetails.storyboard in Resources */,
				420672B926975F65002306DB /* LaunchScreen.storyboard in Resources */,
				4259E95B26B23319007EEC06 /* WriteReview.storyboard in Resources */,
				42424AFD26A97CF6003E96FC /* Home.storyboard in Resources */,
				420672B626975F65002306DB /* Assets.xcassets in Resources */,
				4239429F26A70A0500B8141D /* Launch Screen.storyboard in Resources */,
				427C5F70269C6DCB000BC489 /* Login.storyboard in Resources */,
			);
			runOnlyForDeploymentPostprocessing = 0;
		};
/* End PBXResourcesBuildPhase section */

/* Begin PBXShellScriptBuildPhase section */
		7864E8986EC6BF728825FE6A /* [CP] Check Pods Manifest.lock */ = {
			isa = PBXShellScriptBuildPhase;
			buildActionMask = 2147483647;
			files = (
			);
			inputFileListPaths = (
			);
			inputPaths = (
				"${PODS_PODFILE_DIR_PATH}/Podfile.lock",
				"${PODS_ROOT}/Manifest.lock",
			);
			name = "[CP] Check Pods Manifest.lock";
			outputFileListPaths = (
			);
			outputPaths = (
				"$(DERIVED_FILE_DIR)/Pods-TV Shows-checkManifestLockResult.txt",
			);
			runOnlyForDeploymentPostprocessing = 0;
			shellPath = /bin/sh;
			shellScript = "diff \"${PODS_PODFILE_DIR_PATH}/Podfile.lock\" \"${PODS_ROOT}/Manifest.lock\" > /dev/null\nif [ $? != 0 ] ; then\n    # print error to STDERR\n    echo \"error: The sandbox is not in sync with the Podfile.lock. Run 'pod install' or update your CocoaPods installation.\" >&2\n    exit 1\nfi\n# This output is used by Xcode 'outputs' to avoid re-running this script phase.\necho \"SUCCESS\" > \"${SCRIPT_OUTPUT_FILE_0}\"\n";
			showEnvVarsInLog = 0;
		};
		90166458A53B29B0F55C8FC7 /* [CP] Embed Pods Frameworks */ = {
			isa = PBXShellScriptBuildPhase;
			buildActionMask = 2147483647;
			files = (
			);
			inputFileListPaths = (
				"${PODS_ROOT}/Target Support Files/Pods-TV Shows/Pods-TV Shows-frameworks-${CONFIGURATION}-input-files.xcfilelist",
			);
			name = "[CP] Embed Pods Frameworks";
			outputFileListPaths = (
				"${PODS_ROOT}/Target Support Files/Pods-TV Shows/Pods-TV Shows-frameworks-${CONFIGURATION}-output-files.xcfilelist",
			);
			runOnlyForDeploymentPostprocessing = 0;
			shellPath = /bin/sh;
			shellScript = "\"${PODS_ROOT}/Target Support Files/Pods-TV Shows/Pods-TV Shows-frameworks.sh\"\n";
			showEnvVarsInLog = 0;
		};
/* End PBXShellScriptBuildPhase section */

/* Begin PBXSourcesBuildPhase section */
		420672A526975F63002306DB /* Sources */ = {
			isa = PBXSourcesBuildPhase;
			buildActionMask = 2147483647;
			files = (
				4259E94926B1E5FD007EEC06 /* RatingView.swift in Sources */,
				4285B89F26B6029900A72C6D /* UserRouter.swift in Sources */,
				42A9829326BA01D90015FE8D /* ReviewsRouter.swift in Sources */,
				42262D8E26B018B000E938B5 /* ShowsResponse.swift in Sources */,
				42424B0126AA2223003E96FC /* User.swift in Sources */,
				4259E95026B1F8CF007EEC06 /* ShowDetailFirstTableViewCell.swift in Sources */,
				4259E96426B2635B007EEC06 /* WriteReviewResponse.swift in Sources */,
				4285B8A126B6039000A72C6D /* Constants.swift in Sources */,
				42EC3C1626B0FD440053BE57 /* TVShowTableViewCell.swift in Sources */,
				423BF7EE26B371AD00F3F494 /* UIScrollView+KeyboardHandling.swift in Sources */,
				4259E95826B231B4007EEC06 /* UIView+Modifications.swift in Sources */,
				4285B8A826B60E4200A72C6D /* APIManager.swift in Sources */,
				4259E94E26B1E7A0007EEC06 /* ShowDetailsViewController.swift in Sources */,
				4259E95426B20690007EEC06 /* ShowDetailOthersTableViewCell.swift in Sources */,
				427C5F72269C6DE9000BC489 /* LoginViewController.swift in Sources */,
				42424B0B26AF57DA003E96FC /* String+Verifications.swift in Sources */,
				4285B8AA26B60F9300A72C6D /* AuthInterceptor.swift in Sources */,
				420672AD26975F63002306DB /* AppDelegate.swift in Sources */,
				42424B0F26AF5840003E96FC /* UIViewController+KeyboardHandling.swift in Sources */,
				4285B8A426B6073900A72C6D /* Router.swift in Sources */,
				4285B8AC26B6102200A72C6D /* AuthStorage.swift in Sources */,
				42424AFF26A97D08003E96FC /* HomeViewController.swift in Sources */,
				4259E95D26B23412007EEC06 /* WriteReviewViewController.swift in Sources */,
				4259E95626B21456007EEC06 /* ReviewsResponse.swift in Sources */,
				4285B8AE26B614CE00A72C6D /* UserDefaultsManager.swift in Sources */,
				4259E96226B247BF007EEC06 /* UIButton+Modifications.swift in Sources */,
				4285B8B026B63EF500A72C6D /* ShowRouter.swift in Sources */,
				4259E96026B2431E007EEC06 /* UITextView+Modifications.swift in Sources */,
				42424B0D26AF5804003E96FC /* UIColor+AppColors.swift in Sources */,
				42262D8C26B017EB00E938B5 /* AuthInfo.swift in Sources */,
				4285B8A626B6090600A72C6D /* Routable.swift in Sources */,
			);
			runOnlyForDeploymentPostprocessing = 0;
		};
/* End PBXSourcesBuildPhase section */

/* Begin PBXVariantGroup section */
		420672B726975F65002306DB /* LaunchScreen.storyboard */ = {
			isa = PBXVariantGroup;
			children = (
				420672B826975F65002306DB /* Base */,
			);
			name = LaunchScreen.storyboard;
			sourceTree = "<group>";
		};
/* End PBXVariantGroup section */

/* Begin XCBuildConfiguration section */
		420672BB26975F65002306DB /* Debug */ = {
			isa = XCBuildConfiguration;
			buildSettings = {
				ALWAYS_SEARCH_USER_PATHS = NO;
				CLANG_ANALYZER_NONNULL = YES;
				CLANG_ANALYZER_NUMBER_OBJECT_CONVERSION = YES_AGGRESSIVE;
				CLANG_CXX_LANGUAGE_STANDARD = "gnu++14";
				CLANG_CXX_LIBRARY = "libc++";
				CLANG_ENABLE_MODULES = YES;
				CLANG_ENABLE_OBJC_ARC = YES;
				CLANG_ENABLE_OBJC_WEAK = YES;
				CLANG_WARN_BLOCK_CAPTURE_AUTORELEASING = YES;
				CLANG_WARN_BOOL_CONVERSION = YES;
				CLANG_WARN_COMMA = YES;
				CLANG_WARN_CONSTANT_CONVERSION = YES;
				CLANG_WARN_DEPRECATED_OBJC_IMPLEMENTATIONS = YES;
				CLANG_WARN_DIRECT_OBJC_ISA_USAGE = YES_ERROR;
				CLANG_WARN_DOCUMENTATION_COMMENTS = YES;
				CLANG_WARN_EMPTY_BODY = YES;
				CLANG_WARN_ENUM_CONVERSION = YES;
				CLANG_WARN_INFINITE_RECURSION = YES;
				CLANG_WARN_INT_CONVERSION = YES;
				CLANG_WARN_NON_LITERAL_NULL_CONVERSION = YES;
				CLANG_WARN_OBJC_IMPLICIT_RETAIN_SELF = YES;
				CLANG_WARN_OBJC_LITERAL_CONVERSION = YES;
				CLANG_WARN_OBJC_ROOT_CLASS = YES_ERROR;
				CLANG_WARN_QUOTED_INCLUDE_IN_FRAMEWORK_HEADER = YES;
				CLANG_WARN_RANGE_LOOP_ANALYSIS = YES;
				CLANG_WARN_STRICT_PROTOTYPES = YES;
				CLANG_WARN_SUSPICIOUS_MOVE = YES;
				CLANG_WARN_UNGUARDED_AVAILABILITY = YES_AGGRESSIVE;
				CLANG_WARN_UNREACHABLE_CODE = YES;
				CLANG_WARN__DUPLICATE_METHOD_MATCH = YES;
				COPY_PHASE_STRIP = NO;
				DEBUG_INFORMATION_FORMAT = dwarf;
				ENABLE_STRICT_OBJC_MSGSEND = YES;
				ENABLE_TESTABILITY = YES;
				GCC_C_LANGUAGE_STANDARD = gnu11;
				GCC_DYNAMIC_NO_PIC = NO;
				GCC_NO_COMMON_BLOCKS = YES;
				GCC_OPTIMIZATION_LEVEL = 0;
				GCC_PREPROCESSOR_DEFINITIONS = (
					"DEBUG=1",
					"$(inherited)",
				);
				GCC_WARN_64_TO_32_BIT_CONVERSION = YES;
				GCC_WARN_ABOUT_RETURN_TYPE = YES_ERROR;
				GCC_WARN_UNDECLARED_SELECTOR = YES;
				GCC_WARN_UNINITIALIZED_AUTOS = YES_AGGRESSIVE;
				GCC_WARN_UNUSED_FUNCTION = YES;
				GCC_WARN_UNUSED_VARIABLE = YES;
				IPHONEOS_DEPLOYMENT_TARGET = 12.1;
				MTL_ENABLE_DEBUG_INFO = INCLUDE_SOURCE;
				MTL_FAST_MATH = YES;
				ONLY_ACTIVE_ARCH = YES;
				SDKROOT = iphoneos;
				SWIFT_ACTIVE_COMPILATION_CONDITIONS = DEBUG;
				SWIFT_OPTIMIZATION_LEVEL = "-Onone";
			};
			name = Debug;
		};
		420672BC26975F65002306DB /* Release */ = {
			isa = XCBuildConfiguration;
			buildSettings = {
				ALWAYS_SEARCH_USER_PATHS = NO;
				CLANG_ANALYZER_NONNULL = YES;
				CLANG_ANALYZER_NUMBER_OBJECT_CONVERSION = YES_AGGRESSIVE;
				CLANG_CXX_LANGUAGE_STANDARD = "gnu++14";
				CLANG_CXX_LIBRARY = "libc++";
				CLANG_ENABLE_MODULES = YES;
				CLANG_ENABLE_OBJC_ARC = YES;
				CLANG_ENABLE_OBJC_WEAK = YES;
				CLANG_WARN_BLOCK_CAPTURE_AUTORELEASING = YES;
				CLANG_WARN_BOOL_CONVERSION = YES;
				CLANG_WARN_COMMA = YES;
				CLANG_WARN_CONSTANT_CONVERSION = YES;
				CLANG_WARN_DEPRECATED_OBJC_IMPLEMENTATIONS = YES;
				CLANG_WARN_DIRECT_OBJC_ISA_USAGE = YES_ERROR;
				CLANG_WARN_DOCUMENTATION_COMMENTS = YES;
				CLANG_WARN_EMPTY_BODY = YES;
				CLANG_WARN_ENUM_CONVERSION = YES;
				CLANG_WARN_INFINITE_RECURSION = YES;
				CLANG_WARN_INT_CONVERSION = YES;
				CLANG_WARN_NON_LITERAL_NULL_CONVERSION = YES;
				CLANG_WARN_OBJC_IMPLICIT_RETAIN_SELF = YES;
				CLANG_WARN_OBJC_LITERAL_CONVERSION = YES;
				CLANG_WARN_OBJC_ROOT_CLASS = YES_ERROR;
				CLANG_WARN_QUOTED_INCLUDE_IN_FRAMEWORK_HEADER = YES;
				CLANG_WARN_RANGE_LOOP_ANALYSIS = YES;
				CLANG_WARN_STRICT_PROTOTYPES = YES;
				CLANG_WARN_SUSPICIOUS_MOVE = YES;
				CLANG_WARN_UNGUARDED_AVAILABILITY = YES_AGGRESSIVE;
				CLANG_WARN_UNREACHABLE_CODE = YES;
				CLANG_WARN__DUPLICATE_METHOD_MATCH = YES;
				COPY_PHASE_STRIP = NO;
				DEBUG_INFORMATION_FORMAT = "dwarf-with-dsym";
				ENABLE_NS_ASSERTIONS = NO;
				ENABLE_STRICT_OBJC_MSGSEND = YES;
				GCC_C_LANGUAGE_STANDARD = gnu11;
				GCC_NO_COMMON_BLOCKS = YES;
				GCC_WARN_64_TO_32_BIT_CONVERSION = YES;
				GCC_WARN_ABOUT_RETURN_TYPE = YES_ERROR;
				GCC_WARN_UNDECLARED_SELECTOR = YES;
				GCC_WARN_UNINITIALIZED_AUTOS = YES_AGGRESSIVE;
				GCC_WARN_UNUSED_FUNCTION = YES;
				GCC_WARN_UNUSED_VARIABLE = YES;
				IPHONEOS_DEPLOYMENT_TARGET = 12.1;
				MTL_ENABLE_DEBUG_INFO = NO;
				MTL_FAST_MATH = YES;
				SDKROOT = iphoneos;
				SWIFT_COMPILATION_MODE = wholemodule;
				SWIFT_OPTIMIZATION_LEVEL = "-O";
				VALIDATE_PRODUCT = YES;
			};
			name = Release;
		};
		420672BE26975F65002306DB /* Debug */ = {
			isa = XCBuildConfiguration;
			baseConfigurationReference = DBAF33CE8F73495F6D1C1E84 /* Pods-TV Shows.debug.xcconfig */;
			buildSettings = {
				ASSETCATALOG_COMPILER_APPICON_NAME = AppIcon;
				ASSETCATALOG_COMPILER_GLOBAL_ACCENT_COLOR_NAME = AccentColor;
				CODE_SIGN_STYLE = Automatic;
				DEVELOPMENT_TEAM = 3GR8A5V8R6;
				INFOPLIST_FILE = "TV Shows/Info.plist";
				LD_RUNPATH_SEARCH_PATHS = (
					"$(inherited)",
					"@executable_path/Frameworks",
				);
				PRODUCT_BUNDLE_IDENTIFIER = "com.infinum.academy.nikola.TV-Shows";
				PRODUCT_NAME = "$(TARGET_NAME)";
				SWIFT_VERSION = 5.0;
				TARGETED_DEVICE_FAMILY = "1,2";
			};
			name = Debug;
		};
		420672BF26975F65002306DB /* Release */ = {
			isa = XCBuildConfiguration;
			baseConfigurationReference = 04BCEE01DB6F00BB50EEC988 /* Pods-TV Shows.release.xcconfig */;
			buildSettings = {
				ASSETCATALOG_COMPILER_APPICON_NAME = AppIcon;
				ASSETCATALOG_COMPILER_GLOBAL_ACCENT_COLOR_NAME = AccentColor;
				CODE_SIGN_STYLE = Automatic;
				DEVELOPMENT_TEAM = 3GR8A5V8R6;
				INFOPLIST_FILE = "TV Shows/Info.plist";
				LD_RUNPATH_SEARCH_PATHS = (
					"$(inherited)",
					"@executable_path/Frameworks",
				);
				PRODUCT_BUNDLE_IDENTIFIER = "com.infinum.academy.nikola.TV-Shows";
				PRODUCT_NAME = "$(TARGET_NAME)";
				SWIFT_VERSION = 5.0;
				TARGETED_DEVICE_FAMILY = "1,2";
			};
			name = Release;
		};
/* End XCBuildConfiguration section */

/* Begin XCConfigurationList section */
		420672A426975F63002306DB /* Build configuration list for PBXProject "TV Shows" */ = {
			isa = XCConfigurationList;
			buildConfigurations = (
				420672BB26975F65002306DB /* Debug */,
				420672BC26975F65002306DB /* Release */,
			);
			defaultConfigurationIsVisible = 0;
			defaultConfigurationName = Release;
		};
		420672BD26975F65002306DB /* Build configuration list for PBXNativeTarget "TV Shows" */ = {
			isa = XCConfigurationList;
			buildConfigurations = (
				420672BE26975F65002306DB /* Debug */,
				420672BF26975F65002306DB /* Release */,
			);
			defaultConfigurationIsVisible = 0;
			defaultConfigurationName = Release;
		};
/* End XCConfigurationList section */
	};
	rootObject = 420672A126975F63002306DB /* Project object */;
}
